
Microsoft Visual Studio Solution File, Format Version 12.00
# Visual Studio Version 17
VisualStudioVersion = 17.7.34031.279
MinimumVisualStudioVersion = 10.0.40219.1
Project("{FAE04EC0-301F-11D3-BF4B-00C04F79EFBC}") = "Aplicacion", "Aplicacion.csproj", "{6EE991DC-E976-4199-B514-1CB517D0AE9E}"
EndProject
Project("{FAE04EC0-301F-11D3-BF4B-00C04F79EFBC}") = "Biblioteca", "..\Biblioteca\Biblioteca.csproj", "{170A80DA-FD2B-40A1-B364-F60787259FBF}"
EndProject
Global
	GlobalSection(SolutionConfigurationPlatforms) = preSolution
		Debug|Any CPU = Debug|Any CPU
		Release|Any CPU = Release|Any CPU
	EndGlobalSection
	GlobalSection(ProjectConfigurationPlatforms) = postSolution
		{6EE991DC-E976-4199-B514-1CB517D0AE9E}.Debug|Any CPU.ActiveCfg = Debug|Any CPU
		{6EE991DC-E976-4199-B514-1CB517D0AE9E}.Debug|Any CPU.Build.0 = Debug|Any CPU
		{6EE991DC-E976-4199-B514-1CB517D0AE9E}.Release|Any CPU.ActiveCfg = Release|Any CPU
		{6EE991DC-E976-4199-B514-1CB517D0AE9E}.Release|Any CPU.Build.0 = Release|Any CPU
		{170A80DA-FD2B-40A1-B364-F60787259FBF}.Debug|Any CPU.ActiveCfg = Debug|Any CPU
		{170A80DA-FD2B-40A1-B364-F60787259FBF}.Debug|Any CPU.Build.0 = Debug|Any CPU
		{170A80DA-FD2B-40A1-B364-F60787259FBF}.Release|Any CPU.ActiveCfg = Release|Any CPU
		{170A80DA-FD2B-40A1-B364-F60787259FBF}.Release|Any CPU.Build.0 = Release|Any CPU
	EndGlobalSection
	GlobalSection(SolutionProperties) = preSolution
		HideSolutionNode = FALSE
	EndGlobalSection
	GlobalSection(ExtensibilityGlobals) = postSolution
		SolutionGuid = {C2799CB4-6678-4741-8394-0BB56E8878AA}
	EndGlobalSection
EndGlobal
