
Microsoft Visual Studio Solution File, Format Version 12.00
# Visual Studio Version 17
VisualStudioVersion = 17.7.34031.279
MinimumVisualStudioVersion = 10.0.40219.1
Project("{FAE04EC0-301F-11D3-BF4B-00C04F79EFBC}") = "Aplicacion", "Aplicacion.csproj", "{EF35213C-14D4-422B-B804-846F857D47C6}"
EndProject
Project("{FAE04EC0-301F-11D3-BF4B-00C04F79EFBC}") = "Biblioteca", "..\Biblioteca\Biblioteca.csproj", "{62EE1CB4-B247-456A-97B0-4F660A834309}"
EndProject
Global
	GlobalSection(SolutionConfigurationPlatforms) = preSolution
		Debug|Any CPU = Debug|Any CPU
		Release|Any CPU = Release|Any CPU
	EndGlobalSection
	GlobalSection(ProjectConfigurationPlatforms) = postSolution
		{EF35213C-14D4-422B-B804-846F857D47C6}.Debug|Any CPU.ActiveCfg = Debug|Any CPU
		{EF35213C-14D4-422B-B804-846F857D47C6}.Debug|Any CPU.Build.0 = Debug|Any CPU
		{EF35213C-14D4-422B-B804-846F857D47C6}.Release|Any CPU.ActiveCfg = Release|Any CPU
		{EF35213C-14D4-422B-B804-846F857D47C6}.Release|Any CPU.Build.0 = Release|Any CPU
		{62EE1CB4-B247-456A-97B0-4F660A834309}.Debug|Any CPU.ActiveCfg = Debug|Any CPU
		{62EE1CB4-B247-456A-97B0-4F660A834309}.Debug|Any CPU.Build.0 = Debug|Any CPU
		{62EE1CB4-B247-456A-97B0-4F660A834309}.Release|Any CPU.ActiveCfg = Release|Any CPU
		{62EE1CB4-B247-456A-97B0-4F660A834309}.Release|Any CPU.Build.0 = Release|Any CPU
	EndGlobalSection
	GlobalSection(SolutionProperties) = preSolution
		HideSolutionNode = FALSE
	EndGlobalSection
	GlobalSection(ExtensibilityGlobals) = postSolution
		SolutionGuid = {53C709D1-177C-4E0A-9A48-1E17E386387F}
	EndGlobalSection
EndGlobal
